
Microsoft Visual Studio Solution File, Format Version 12.00
# Visual Studio Version 16
VisualStudioVersion = 16.0.29521.150
MinimumVisualStudioVersion = 10.0.40219.1
Project("{9A19103F-16F7-4668-BE54-9A1E7A4F7556}") = "BlazorGame", "BlazorGame.csproj", "{593BB3AA-9387-4D84-90CB-D654A7A5FF7F}"
EndProject
Global
	GlobalSection(SolutionConfigurationPlatforms) = preSolution
		Debug|Any CPU = Debug|Any CPU
		Release|Any CPU = Release|Any CPU
	EndGlobalSection
	GlobalSection(ProjectConfigurationPlatforms) = postSolution
		{593BB3AA-9387-4D84-90CB-D654A7A5FF7F}.Debug|Any CPU.ActiveCfg = Debug|Any CPU
		{593BB3AA-9387-4D84-90CB-D654A7A5FF7F}.Debug|Any CPU.Build.0 = Debug|Any CPU
		{593BB3AA-9387-4D84-90CB-D654A7A5FF7F}.Release|Any CPU.ActiveCfg = Release|Any CPU
		{593BB3AA-9387-4D84-90CB-D654A7A5FF7F}.Release|Any CPU.Build.0 = Release|Any CPU
	EndGlobalSection
	GlobalSection(SolutionProperties) = preSolution
		HideSolutionNode = FALSE
	EndGlobalSection
	GlobalSection(ExtensibilityGlobals) = postSolution
		SolutionGuid = {4703FA31-6FC4-4657-9D4F-84DFC16F3AA7}
	EndGlobalSection
EndGlobal
